
Microsoft Visual Studio Solution File, Format Version 12.00
# Visual Studio Version 17
VisualStudioVersion = 17.2.32505.173
MinimumVisualStudioVersion = 10.0.40219.1
Project("{9A19103F-16F7-4668-BE54-9A1E7A4F7556}") = "BasicReplier", "BasicReplier\BasicReplier.csproj", "{8788EECD-D18C-422B-9BAF-CC998C54B690}"
EndProject
Project("{9A19103F-16F7-4668-BE54-9A1E7A4F7556}") = "BasicRequestor", "BasicRequestor\BasicRequestor.csproj", "{9D434F97-F8B3-4479-B159-893108FA2447}"
EndProject
Project("{9A19103F-16F7-4668-BE54-9A1E7A4F7556}") = "ConfirmedPublish", "ConfirmedDelivery\ConfirmedPublish.csproj", "{ACB74E73-4BC4-4321-98B6-BA0F973A7008}"
EndProject
Project("{9A19103F-16F7-4668-BE54-9A1E7A4F7556}") = "QueueConsumer", "QueueConsumer\QueueConsumer.csproj", "{A8EEF2B3-BC6D-424E-8F82-924CB6270261}"
EndProject
Project("{9A19103F-16F7-4668-BE54-9A1E7A4F7556}") = "QueueProducer", "QueueProducer\QueueProducer.csproj", "{3B63FCA0-E8CA-42D6-8857-66A0530CCEE1}"
EndProject
Project("{9A19103F-16F7-4668-BE54-9A1E7A4F7556}") = "TopicPublisher", "TopicPublisher\TopicPublisher.csproj", "{0997BA51-92DB-4331-9236-05564F4F90EF}"
EndProject
Project("{9A19103F-16F7-4668-BE54-9A1E7A4F7556}") = "TopicSubscriber", "TopicSubscriber\TopicSubscriber.csproj", "{04A058E1-1D7D-4867-96CF-DEE00FBE13F9}"
EndProject
Project("{9A19103F-16F7-4668-BE54-9A1E7A4F7556}") = "TopicToQueueMapping", "TopicToQueueMapping\TopicToQueueMapping.csproj", "{3740B4D9-1B35-4858-B285-1879FB4CE08F}"
EndProject
Project("{FAE04EC0-301F-11D3-BF4B-00C04F79EFBC}") = "TracingManualInstrumentation", "TracingManualInstrumentation\TracingManualInstrumentation.csproj", "{7502096A-E5E6-4EC1-B729-192E6079C6B5}"
EndProject
Project("{FAE04EC0-301F-11D3-BF4B-00C04F79EFBC}") = "PayloadCompression", "PayloadCompression\PayloadCompression.csproj", "{758DC15C-1CAC-41ED-97C1-1347D1116A11}"
EndProject
Project("{2150E333-8FDC-42A3-9474-1A3956D46DE8}") = "features", "features", "{9792E6E2-564B-9699-7DA2-9F7194AE82F6}"
EndProject
Project("{2150E333-8FDC-42A3-9474-1A3956D46DE8}") = "serdes", "serdes", "{37302439-E941-A6A2-EBA9-A7E4C8435002}"
EndProject
Project("{2150E333-8FDC-42A3-9474-1A3956D46DE8}") = "JsonSchema", "JsonSchema", "{D8ADF626-12E0-7B5B-658B-C16B410EC338}"
EndProject
Project("{FAE04EC0-301F-11D3-BF4B-00C04F79EFBC}") = "JsonSchemaSerdesReplier", "features\serdes\JsonSchema\JsonSchemaSerdesReplier\JsonSchemaSerdesReplier.csproj", "{D6D92E0C-E920-4FE5-ABD2-B0A10840A673}"
EndProject
Project("{FAE04EC0-301F-11D3-BF4B-00C04F79EFBC}") = "Resources", "features\serdes\Resources\Resources.csproj", "{5CDC8CA5-A17B-42F6-B0BD-CE33A74C7919}"
EndProject
Project("{FAE04EC0-301F-11D3-BF4B-00C04F79EFBC}") = "JsonSchemaSerdesRequestor", "features\serdes\JsonSchema\JsonSchemaSerdesRequestor\JsonSchemaSerdesRequestor.csproj", "{7F2BE83A-AD4F-4751-9875-2B8C36F78BB8}"
EndProject
Project("{FAE04EC0-301F-11D3-BF4B-00C04F79EFBC}") = "JsonSchemaSerializeProducer", "features\serdes\JsonSchema\JsonSchemaSerializeProducer\JsonSchemaSerializeProducer.csproj", "{8289F614-CA00-463F-9C8F-AFEEF8C0C7E1}"
EndProject
Project("{FAE04EC0-301F-11D3-BF4B-00C04F79EFBC}") = "JsonSchemaDeserializeConsumerToPoco", "features\serdes\JsonSchema\JsonSchemaDeserializeConsumerToPoco\JsonSchemaDeserializeConsumerToPoco.csproj", "{196D3C67-85D8-4456-8271-DFFF0045D0B6}"
EndProject
Project("{FAE04EC0-301F-11D3-BF4B-00C04F79EFBC}") = "HelloWorldSolaceDotNetJsonSchemaSerde", "features\serdes\JsonSchema\HelloWorldSolaceDotNetJsonSchemaSerde\HelloWorldSolaceDotNetJsonSchemaSerde.csproj", "{2D734CC1-D28F-4B82-8FD2-4657AB39EA7A}"
EndProject
Project("{2150E333-8FDC-42A3-9474-1A3956D46DE8}") = "snippets", "snippets", "{8020B2AD-6C21-A663-3B19-D392FC1B223F}"
EndProject
Project("{2150E333-8FDC-42A3-9474-1A3956D46DE8}") = "Serdes", "Serdes", "{C822645A-8FAC-8F46-2B2F-0D4E8BEB5679}"
EndProject
Project("{2150E333-8FDC-42A3-9474-1A3956D46DE8}") = "JsonSchema", "JsonSchema", "{B110E3AA-8C95-3025-119C-7D181E51E35E}"
EndProject
Project("{FAE04EC0-301F-11D3-BF4B-00C04F79EFBC}") = "SerdesJsonSchemaSnippets", "snippets\serdes\JsonSchema\SerdesJsonSchemaSnippets.csproj", "{3F14A132-6AFD-4452-8888-B2C101A5D414}"
EndProject
Project("{FAE04EC0-301F-11D3-BF4B-00C04F79EFBC}") = "Resources", "snippets\serdes\Resources\Resources.csproj", "{F8B44B08-F98F-4F34-926F-74C261D4B485}"
EndProject
Global
	GlobalSection(SolutionConfigurationPlatforms) = preSolution
		Debug|Any CPU = Debug|Any CPU
		Debug|x64 = Debug|x64
		Debug|x86 = Debug|x86
		Release|Any CPU = Release|Any CPU
		Release|x64 = Release|x64
		Release|x86 = Release|x86
	EndGlobalSection
	GlobalSection(ProjectConfigurationPlatforms) = postSolution
		{8788EECD-D18C-422B-9BAF-CC998C54B690}.Debug|Any CPU.ActiveCfg = Debug|Any CPU
		{8788EECD-D18C-422B-9BAF-CC998C54B690}.Debug|Any CPU.Build.0 = Debug|Any CPU
		{8788EECD-D18C-422B-9BAF-CC998C54B690}.Debug|x64.ActiveCfg = Debug|Any CPU
		{8788EECD-D18C-422B-9BAF-CC998C54B690}.Debug|x64.Build.0 = Debug|Any CPU
		{8788EECD-D18C-422B-9BAF-CC998C54B690}.Debug|x86.ActiveCfg = Debug|Any CPU
		{8788EECD-D18C-422B-9BAF-CC998C54B690}.Debug|x86.Build.0 = Debug|Any CPU
		{8788EECD-D18C-422B-9BAF-CC998C54B690}.Release|Any CPU.ActiveCfg = Release|Any CPU
		{8788EECD-D18C-422B-9BAF-CC998C54B690}.Release|Any CPU.Build.0 = Release|Any CPU
		{8788EECD-D18C-422B-9BAF-CC998C54B690}.Release|x64.ActiveCfg = Release|Any CPU
		{8788EECD-D18C-422B-9BAF-CC998C54B690}.Release|x64.Build.0 = Release|Any CPU
		{8788EECD-D18C-422B-9BAF-CC998C54B690}.Release|x86.ActiveCfg = Release|Any CPU
		{8788EECD-D18C-422B-9BAF-CC998C54B690}.Release|x86.Build.0 = Release|Any CPU
		{9D434F97-F8B3-4479-B159-893108FA2447}.Debug|Any CPU.ActiveCfg = Debug|Any CPU
		{9D434F97-F8B3-4479-B159-893108FA2447}.Debug|Any CPU.Build.0 = Debug|Any CPU
		{9D434F97-F8B3-4479-B159-893108FA2447}.Debug|x64.ActiveCfg = Debug|Any CPU
		{9D434F97-F8B3-4479-B159-893108FA2447}.Debug|x64.Build.0 = Debug|Any CPU
		{9D434F97-F8B3-4479-B159-893108FA2447}.Debug|x86.ActiveCfg = Debug|Any CPU
		{9D434F97-F8B3-4479-B159-893108FA2447}.Debug|x86.Build.0 = Debug|Any CPU
		{9D434F97-F8B3-4479-B159-893108FA2447}.Release|Any CPU.ActiveCfg = Release|Any CPU
		{9D434F97-F8B3-4479-B159-893108FA2447}.Release|Any CPU.Build.0 = Release|Any CPU
		{9D434F97-F8B3-4479-B159-893108FA2447}.Release|x64.ActiveCfg = Release|Any CPU
		{9D434F97-F8B3-4479-B159-893108FA2447}.Release|x64.Build.0 = Release|Any CPU
		{9D434F97-F8B3-4479-B159-893108FA2447}.Release|x86.ActiveCfg = Release|Any CPU
		{9D434F97-F8B3-4479-B159-893108FA2447}.Release|x86.Build.0 = Release|Any CPU
		{ACB74E73-4BC4-4321-98B6-BA0F973A7008}.Debug|Any CPU.ActiveCfg = Debug|Any CPU
		{ACB74E73-4BC4-4321-98B6-BA0F973A7008}.Debug|Any CPU.Build.0 = Debug|Any CPU
		{ACB74E73-4BC4-4321-98B6-BA0F973A7008}.Debug|x64.ActiveCfg = Debug|Any CPU
		{ACB74E73-4BC4-4321-98B6-BA0F973A7008}.Debug|x64.Build.0 = Debug|Any CPU
		{ACB74E73-4BC4-4321-98B6-BA0F973A7008}.Debug|x86.ActiveCfg = Debug|Any CPU
		{ACB74E73-4BC4-4321-98B6-BA0F973A7008}.Debug|x86.Build.0 = Debug|Any CPU
		{ACB74E73-4BC4-4321-98B6-BA0F973A7008}.Release|Any CPU.ActiveCfg = Release|Any CPU
		{ACB74E73-4BC4-4321-98B6-BA0F973A7008}.Release|Any CPU.Build.0 = Release|Any CPU
		{ACB74E73-4BC4-4321-98B6-BA0F973A7008}.Release|x64.ActiveCfg = Release|Any CPU
		{ACB74E73-4BC4-4321-98B6-BA0F973A7008}.Release|x64.Build.0 = Release|Any CPU
		{ACB74E73-4BC4-4321-98B6-BA0F973A7008}.Release|x86.ActiveCfg = Release|Any CPU
		{ACB74E73-4BC4-4321-98B6-BA0F973A7008}.Release|x86.Build.0 = Release|Any CPU
		{A8EEF2B3-BC6D-424E-8F82-924CB6270261}.Debug|Any CPU.ActiveCfg = Debug|Any CPU
		{A8EEF2B3-BC6D-424E-8F82-924CB6270261}.Debug|Any CPU.Build.0 = Debug|Any CPU
		{A8EEF2B3-BC6D-424E-8F82-924CB6270261}.Debug|x64.ActiveCfg = Debug|Any CPU
		{A8EEF2B3-BC6D-424E-8F82-924CB6270261}.Debug|x64.Build.0 = Debug|Any CPU
		{A8EEF2B3-BC6D-424E-8F82-924CB6270261}.Debug|x86.ActiveCfg = Debug|Any CPU
		{A8EEF2B3-BC6D-424E-8F82-924CB6270261}.Debug|x86.Build.0 = Debug|Any CPU
		{A8EEF2B3-BC6D-424E-8F82-924CB6270261}.Release|Any CPU.ActiveCfg = Release|Any CPU
		{A8EEF2B3-BC6D-424E-8F82-924CB6270261}.Release|Any CPU.Build.0 = Release|Any CPU
		{A8EEF2B3-BC6D-424E-8F82-924CB6270261}.Release|x64.ActiveCfg = Release|Any CPU
		{A8EEF2B3-BC6D-424E-8F82-924CB6270261}.Release|x64.Build.0 = Release|Any CPU
		{A8EEF2B3-BC6D-424E-8F82-924CB6270261}.Release|x86.ActiveCfg = Release|Any CPU
		{A8EEF2B3-BC6D-424E-8F82-924CB6270261}.Release|x86.Build.0 = Release|Any CPU
		{3B63FCA0-E8CA-42D6-8857-66A0530CCEE1}.Debug|Any CPU.ActiveCfg = Debug|Any CPU
		{3B63FCA0-E8CA-42D6-8857-66A0530CCEE1}.Debug|Any CPU.Build.0 = Debug|Any CPU
		{3B63FCA0-E8CA-42D6-8857-66A0530CCEE1}.Debug|x64.ActiveCfg = Debug|Any CPU
		{3B63FCA0-E8CA-42D6-8857-66A0530CCEE1}.Debug|x64.Build.0 = Debug|Any CPU
		{3B63FCA0-E8CA-42D6-8857-66A0530CCEE1}.Debug|x86.ActiveCfg = Debug|Any CPU
		{3B63FCA0-E8CA-42D6-8857-66A0530CCEE1}.Debug|x86.Build.0 = Debug|Any CPU
		{3B63FCA0-E8CA-42D6-8857-66A0530CCEE1}.Release|Any CPU.ActiveCfg = Release|Any CPU
		{3B63FCA0-E8CA-42D6-8857-66A0530CCEE1}.Release|Any CPU.Build.0 = Release|Any CPU
		{3B63FCA0-E8CA-42D6-8857-66A0530CCEE1}.Release|x64.ActiveCfg = Release|Any CPU
		{3B63FCA0-E8CA-42D6-8857-66A0530CCEE1}.Release|x64.Build.0 = Release|Any CPU
		{3B63FCA0-E8CA-42D6-8857-66A0530CCEE1}.Release|x86.ActiveCfg = Release|Any CPU
		{3B63FCA0-E8CA-42D6-8857-66A0530CCEE1}.Release|x86.Build.0 = Release|Any CPU
		{0997BA51-92DB-4331-9236-05564F4F90EF}.Debug|Any CPU.ActiveCfg = Debug|Any CPU
		{0997BA51-92DB-4331-9236-05564F4F90EF}.Debug|Any CPU.Build.0 = Debug|Any CPU
		{0997BA51-92DB-4331-9236-05564F4F90EF}.Debug|x64.ActiveCfg = Debug|Any CPU
		{0997BA51-92DB-4331-9236-05564F4F90EF}.Debug|x64.Build.0 = Debug|Any CPU
		{0997BA51-92DB-4331-9236-05564F4F90EF}.Debug|x86.ActiveCfg = Debug|Any CPU
		{0997BA51-92DB-4331-9236-05564F4F90EF}.Debug|x86.Build.0 = Debug|Any CPU
		{0997BA51-92DB-4331-9236-05564F4F90EF}.Release|Any CPU.ActiveCfg = Release|Any CPU
		{0997BA51-92DB-4331-9236-05564F4F90EF}.Release|Any CPU.Build.0 = Release|Any CPU
		{0997BA51-92DB-4331-9236-05564F4F90EF}.Release|x64.ActiveCfg = Release|Any CPU
		{0997BA51-92DB-4331-9236-05564F4F90EF}.Release|x64.Build.0 = Release|Any CPU
		{0997BA51-92DB-4331-9236-05564F4F90EF}.Release|x86.ActiveCfg = Release|Any CPU
		{0997BA51-92DB-4331-9236-05564F4F90EF}.Release|x86.Build.0 = Release|Any CPU
		{04A058E1-1D7D-4867-96CF-DEE00FBE13F9}.Debug|Any CPU.ActiveCfg = Debug|Any CPU
		{04A058E1-1D7D-4867-96CF-DEE00FBE13F9}.Debug|Any CPU.Build.0 = Debug|Any CPU
		{04A058E1-1D7D-4867-96CF-DEE00FBE13F9}.Debug|x64.ActiveCfg = Debug|Any CPU
		{04A058E1-1D7D-4867-96CF-DEE00FBE13F9}.Debug|x64.Build.0 = Debug|Any CPU
		{04A058E1-1D7D-4867-96CF-DEE00FBE13F9}.Debug|x86.ActiveCfg = Debug|Any CPU
		{04A058E1-1D7D-4867-96CF-DEE00FBE13F9}.Debug|x86.Build.0 = Debug|Any CPU
		{04A058E1-1D7D-4867-96CF-DEE00FBE13F9}.Release|Any CPU.ActiveCfg = Release|Any CPU
		{04A058E1-1D7D-4867-96CF-DEE00FBE13F9}.Release|Any CPU.Build.0 = Release|Any CPU
		{04A058E1-1D7D-4867-96CF-DEE00FBE13F9}.Release|x64.ActiveCfg = Release|Any CPU
		{04A058E1-1D7D-4867-96CF-DEE00FBE13F9}.Release|x64.Build.0 = Release|Any CPU
		{04A058E1-1D7D-4867-96CF-DEE00FBE13F9}.Release|x86.ActiveCfg = Release|Any CPU
		{04A058E1-1D7D-4867-96CF-DEE00FBE13F9}.Release|x86.Build.0 = Release|Any CPU
		{3740B4D9-1B35-4858-B285-1879FB4CE08F}.Debug|Any CPU.ActiveCfg = Debug|Any CPU
		{3740B4D9-1B35-4858-B285-1879FB4CE08F}.Debug|Any CPU.Build.0 = Debug|Any CPU
		{3740B4D9-1B35-4858-B285-1879FB4CE08F}.Debug|x64.ActiveCfg = Debug|Any CPU
		{3740B4D9-1B35-4858-B285-1879FB4CE08F}.Debug|x64.Build.0 = Debug|Any CPU
		{3740B4D9-1B35-4858-B285-1879FB4CE08F}.Debug|x86.ActiveCfg = Debug|Any CPU
		{3740B4D9-1B35-4858-B285-1879FB4CE08F}.Debug|x86.Build.0 = Debug|Any CPU
		{3740B4D9-1B35-4858-B285-1879FB4CE08F}.Release|Any CPU.ActiveCfg = Release|Any CPU
		{3740B4D9-1B35-4858-B285-1879FB4CE08F}.Release|Any CPU.Build.0 = Release|Any CPU
		{3740B4D9-1B35-4858-B285-1879FB4CE08F}.Release|x64.ActiveCfg = Release|Any CPU
		{3740B4D9-1B35-4858-B285-1879FB4CE08F}.Release|x64.Build.0 = Release|Any CPU
		{3740B4D9-1B35-4858-B285-1879FB4CE08F}.Release|x86.ActiveCfg = Release|Any CPU
		{3740B4D9-1B35-4858-B285-1879FB4CE08F}.Release|x86.Build.0 = Release|Any CPU
		{7502096A-E5E6-4EC1-B729-192E6079C6B5}.Debug|Any CPU.ActiveCfg = Debug|Any CPU
		{7502096A-E5E6-4EC1-B729-192E6079C6B5}.Debug|Any CPU.Build.0 = Debug|Any CPU
		{7502096A-E5E6-4EC1-B729-192E6079C6B5}.Debug|x64.ActiveCfg = Debug|Any CPU
		{7502096A-E5E6-4EC1-B729-192E6079C6B5}.Debug|x64.Build.0 = Debug|Any CPU
		{7502096A-E5E6-4EC1-B729-192E6079C6B5}.Debug|x86.ActiveCfg = Debug|Any CPU
		{7502096A-E5E6-4EC1-B729-192E6079C6B5}.Debug|x86.Build.0 = Debug|Any CPU
		{7502096A-E5E6-4EC1-B729-192E6079C6B5}.Release|Any CPU.ActiveCfg = Release|Any CPU
		{7502096A-E5E6-4EC1-B729-192E6079C6B5}.Release|Any CPU.Build.0 = Release|Any CPU
		{7502096A-E5E6-4EC1-B729-192E6079C6B5}.Release|x64.ActiveCfg = Release|Any CPU
		{7502096A-E5E6-4EC1-B729-192E6079C6B5}.Release|x64.Build.0 = Release|Any CPU
		{7502096A-E5E6-4EC1-B729-192E6079C6B5}.Release|x86.ActiveCfg = Release|Any CPU
		{7502096A-E5E6-4EC1-B729-192E6079C6B5}.Release|x86.Build.0 = Release|Any CPU
		{758DC15C-1CAC-41ED-97C1-1347D1116A11}.Debug|Any CPU.ActiveCfg = Debug|Any CPU
		{758DC15C-1CAC-41ED-97C1-1347D1116A11}.Debug|Any CPU.Build.0 = Debug|Any CPU
		{758DC15C-1CAC-41ED-97C1-1347D1116A11}.Debug|x64.ActiveCfg = Debug|Any CPU
		{758DC15C-1CAC-41ED-97C1-1347D1116A11}.Debug|x64.Build.0 = Debug|Any CPU
		{758DC15C-1CAC-41ED-97C1-1347D1116A11}.Debug|x86.ActiveCfg = Debug|Any CPU
		{758DC15C-1CAC-41ED-97C1-1347D1116A11}.Debug|x86.Build.0 = Debug|Any CPU
		{758DC15C-1CAC-41ED-97C1-1347D1116A11}.Release|Any CPU.ActiveCfg = Release|Any CPU
		{758DC15C-1CAC-41ED-97C1-1347D1116A11}.Release|Any CPU.Build.0 = Release|Any CPU
		{758DC15C-1CAC-41ED-97C1-1347D1116A11}.Release|x64.ActiveCfg = Release|Any CPU
		{758DC15C-1CAC-41ED-97C1-1347D1116A11}.Release|x64.Build.0 = Release|Any CPU
		{758DC15C-1CAC-41ED-97C1-1347D1116A11}.Release|x86.ActiveCfg = Release|Any CPU
		{758DC15C-1CAC-41ED-97C1-1347D1116A11}.Release|x86.Build.0 = Release|Any CPU
		{D6D92E0C-E920-4FE5-ABD2-B0A10840A673}.Debug|Any CPU.ActiveCfg = Debug|Any CPU
		{D6D92E0C-E920-4FE5-ABD2-B0A10840A673}.Debug|Any CPU.Build.0 = Debug|Any CPU
		{D6D92E0C-E920-4FE5-ABD2-B0A10840A673}.Debug|x64.ActiveCfg = Debug|Any CPU
		{D6D92E0C-E920-4FE5-ABD2-B0A10840A673}.Debug|x64.Build.0 = Debug|Any CPU
		{D6D92E0C-E920-4FE5-ABD2-B0A10840A673}.Debug|x86.ActiveCfg = Debug|Any CPU
		{D6D92E0C-E920-4FE5-ABD2-B0A10840A673}.Debug|x86.Build.0 = Debug|Any CPU
		{D6D92E0C-E920-4FE5-ABD2-B0A10840A673}.Release|Any CPU.ActiveCfg = Release|Any CPU
		{D6D92E0C-E920-4FE5-ABD2-B0A10840A673}.Release|Any CPU.Build.0 = Release|Any CPU
		{D6D92E0C-E920-4FE5-ABD2-B0A10840A673}.Release|x64.ActiveCfg = Release|Any CPU
		{D6D92E0C-E920-4FE5-ABD2-B0A10840A673}.Release|x64.Build.0 = Release|Any CPU
		{D6D92E0C-E920-4FE5-ABD2-B0A10840A673}.Release|x86.ActiveCfg = Release|Any CPU
		{D6D92E0C-E920-4FE5-ABD2-B0A10840A673}.Release|x86.Build.0 = Release|Any CPU
		{5CDC8CA5-A17B-42F6-B0BD-CE33A74C7919}.Debug|Any CPU.ActiveCfg = Debug|Any CPU
		{5CDC8CA5-A17B-42F6-B0BD-CE33A74C7919}.Debug|Any CPU.Build.0 = Debug|Any CPU
		{5CDC8CA5-A17B-42F6-B0BD-CE33A74C7919}.Debug|x64.ActiveCfg = Debug|Any CPU
		{5CDC8CA5-A17B-42F6-B0BD-CE33A74C7919}.Debug|x64.Build.0 = Debug|Any CPU
		{5CDC8CA5-A17B-42F6-B0BD-CE33A74C7919}.Debug|x86.ActiveCfg = Debug|Any CPU
		{5CDC8CA5-A17B-42F6-B0BD-CE33A74C7919}.Debug|x86.Build.0 = Debug|Any CPU
		{5CDC8CA5-A17B-42F6-B0BD-CE33A74C7919}.Release|Any CPU.ActiveCfg = Release|Any CPU
		{5CDC8CA5-A17B-42F6-B0BD-CE33A74C7919}.Release|Any CPU.Build.0 = Release|Any CPU
		{5CDC8CA5-A17B-42F6-B0BD-CE33A74C7919}.Release|x64.ActiveCfg = Release|Any CPU
		{5CDC8CA5-A17B-42F6-B0BD-CE33A74C7919}.Release|x64.Build.0 = Release|Any CPU
		{5CDC8CA5-A17B-42F6-B0BD-CE33A74C7919}.Release|x86.ActiveCfg = Release|Any CPU
		{5CDC8CA5-A17B-42F6-B0BD-CE33A74C7919}.Release|x86.Build.0 = Release|Any CPU
		{7F2BE83A-AD4F-4751-9875-2B8C36F78BB8}.Debug|Any CPU.ActiveCfg = Debug|Any CPU
		{7F2BE83A-AD4F-4751-9875-2B8C36F78BB8}.Debug|Any CPU.Build.0 = Debug|Any CPU
		{7F2BE83A-AD4F-4751-9875-2B8C36F78BB8}.Debug|x64.ActiveCfg = Debug|Any CPU
		{7F2BE83A-AD4F-4751-9875-2B8C36F78BB8}.Debug|x64.Build.0 = Debug|Any CPU
		{7F2BE83A-AD4F-4751-9875-2B8C36F78BB8}.Debug|x86.ActiveCfg = Debug|Any CPU
		{7F2BE83A-AD4F-4751-9875-2B8C36F78BB8}.Debug|x86.Build.0 = Debug|Any CPU
		{7F2BE83A-AD4F-4751-9875-2B8C36F78BB8}.Release|Any CPU.ActiveCfg = Release|Any CPU
		{7F2BE83A-AD4F-4751-9875-2B8C36F78BB8}.Release|Any CPU.Build.0 = Release|Any CPU
		{7F2BE83A-AD4F-4751-9875-2B8C36F78BB8}.Release|x64.ActiveCfg = Release|Any CPU
		{7F2BE83A-AD4F-4751-9875-2B8C36F78BB8}.Release|x64.Build.0 = Release|Any CPU
		{7F2BE83A-AD4F-4751-9875-2B8C36F78BB8}.Release|x86.ActiveCfg = Release|Any CPU
		{7F2BE83A-AD4F-4751-9875-2B8C36F78BB8}.Release|x86.Build.0 = Release|Any CPU
		{8289F614-CA00-463F-9C8F-AFEEF8C0C7E1}.Debug|Any CPU.ActiveCfg = Debug|Any CPU
		{8289F614-CA00-463F-9C8F-AFEEF8C0C7E1}.Debug|Any CPU.Build.0 = Debug|Any CPU
		{8289F614-CA00-463F-9C8F-AFEEF8C0C7E1}.Debug|x64.ActiveCfg = Debug|Any CPU
		{8289F614-CA00-463F-9C8F-AFEEF8C0C7E1}.Debug|x64.Build.0 = Debug|Any CPU
		{8289F614-CA00-463F-9C8F-AFEEF8C0C7E1}.Debug|x86.ActiveCfg = Debug|Any CPU
		{8289F614-CA00-463F-9C8F-AFEEF8C0C7E1}.Debug|x86.Build.0 = Debug|Any CPU
		{8289F614-CA00-463F-9C8F-AFEEF8C0C7E1}.Release|Any CPU.ActiveCfg = Release|Any CPU
		{8289F614-CA00-463F-9C8F-AFEEF8C0C7E1}.Release|Any CPU.Build.0 = Release|Any CPU
		{8289F614-CA00-463F-9C8F-AFEEF8C0C7E1}.Release|x64.ActiveCfg = Release|Any CPU
		{8289F614-CA00-463F-9C8F-AFEEF8C0C7E1}.Release|x64.Build.0 = Release|Any CPU
		{8289F614-CA00-463F-9C8F-AFEEF8C0C7E1}.Release|x86.ActiveCfg = Release|Any CPU
		{8289F614-CA00-463F-9C8F-AFEEF8C0C7E1}.Release|x86.Build.0 = Release|Any CPU
		{196D3C67-85D8-4456-8271-DFFF0045D0B6}.Debug|Any CPU.ActiveCfg = Debug|Any CPU
		{196D3C67-85D8-4456-8271-DFFF0045D0B6}.Debug|Any CPU.Build.0 = Debug|Any CPU
		{196D3C67-85D8-4456-8271-DFFF0045D0B6}.Debug|x64.ActiveCfg = Debug|Any CPU
		{196D3C67-85D8-4456-8271-DFFF0045D0B6}.Debug|x64.Build.0 = Debug|Any CPU
		{196D3C67-85D8-4456-8271-DFFF0045D0B6}.Debug|x86.ActiveCfg = Debug|Any CPU
		{196D3C67-85D8-4456-8271-DFFF0045D0B6}.Debug|x86.Build.0 = Debug|Any CPU
		{196D3C67-85D8-4456-8271-DFFF0045D0B6}.Release|Any CPU.ActiveCfg = Release|Any CPU
		{196D3C67-85D8-4456-8271-DFFF0045D0B6}.Release|Any CPU.Build.0 = Release|Any CPU
		{196D3C67-85D8-4456-8271-DFFF0045D0B6}.Release|x64.ActiveCfg = Release|Any CPU
		{196D3C67-85D8-4456-8271-DFFF0045D0B6}.Release|x64.Build.0 = Release|Any CPU
		{196D3C67-85D8-4456-8271-DFFF0045D0B6}.Release|x86.ActiveCfg = Release|Any CPU
		{196D3C67-85D8-4456-8271-DFFF0045D0B6}.Release|x86.Build.0 = Release|Any CPU
		{2D734CC1-D28F-4B82-8FD2-4657AB39EA7A}.Debug|Any CPU.ActiveCfg = Debug|Any CPU
		{2D734CC1-D28F-4B82-8FD2-4657AB39EA7A}.Debug|Any CPU.Build.0 = Debug|Any CPU
		{2D734CC1-D28F-4B82-8FD2-4657AB39EA7A}.Debug|x64.ActiveCfg = Debug|Any CPU
		{2D734CC1-D28F-4B82-8FD2-4657AB39EA7A}.Debug|x64.Build.0 = Debug|Any CPU
		{2D734CC1-D28F-4B82-8FD2-4657AB39EA7A}.Debug|x86.ActiveCfg = Debug|Any CPU
		{2D734CC1-D28F-4B82-8FD2-4657AB39EA7A}.Debug|x86.Build.0 = Debug|Any CPU
		{2D734CC1-D28F-4B82-8FD2-4657AB39EA7A}.Release|Any CPU.ActiveCfg = Release|Any CPU
		{2D734CC1-D28F-4B82-8FD2-4657AB39EA7A}.Release|Any CPU.Build.0 = Release|Any CPU
		{2D734CC1-D28F-4B82-8FD2-4657AB39EA7A}.Release|x64.ActiveCfg = Release|Any CPU
		{2D734CC1-D28F-4B82-8FD2-4657AB39EA7A}.Release|x64.Build.0 = Release|Any CPU
		{2D734CC1-D28F-4B82-8FD2-4657AB39EA7A}.Release|x86.ActiveCfg = Release|Any CPU
		{2D734CC1-D28F-4B82-8FD2-4657AB39EA7A}.Release|x86.Build.0 = Release|Any CPU
		{3F14A132-6AFD-4452-8888-B2C101A5D414}.Debug|Any CPU.ActiveCfg = Debug|Any CPU
		{3F14A132-6AFD-4452-8888-B2C101A5D414}.Debug|Any CPU.Build.0 = Debug|Any CPU
		{3F14A132-6AFD-4452-8888-B2C101A5D414}.Debug|x64.ActiveCfg = Debug|Any CPU
		{3F14A132-6AFD-4452-8888-B2C101A5D414}.Debug|x64.Build.0 = Debug|Any CPU
		{3F14A132-6AFD-4452-8888-B2C101A5D414}.Debug|x86.ActiveCfg = Debug|Any CPU
		{3F14A132-6AFD-4452-8888-B2C101A5D414}.Debug|x86.Build.0 = Debug|Any CPU
		{3F14A132-6AFD-4452-8888-B2C101A5D414}.Release|Any CPU.ActiveCfg = Release|Any CPU
		{3F14A132-6AFD-4452-8888-B2C101A5D414}.Release|Any CPU.Build.0 = Release|Any CPU
		{3F14A132-6AFD-4452-8888-B2C101A5D414}.Release|x64.ActiveCfg = Release|Any CPU
		{3F14A132-6AFD-4452-8888-B2C101A5D414}.Release|x64.Build.0 = Release|Any CPU
		{3F14A132-6AFD-4452-8888-B2C101A5D414}.Release|x86.ActiveCfg = Release|Any CPU
		{3F14A132-6AFD-4452-8888-B2C101A5D414}.Release|x86.Build.0 = Release|Any CPU
		{F8B44B08-F98F-4F34-926F-74C261D4B485}.Debug|Any CPU.ActiveCfg = Debug|Any CPU
		{F8B44B08-F98F-4F34-926F-74C261D4B485}.Debug|Any CPU.Build.0 = Debug|Any CPU
		{F8B44B08-F98F-4F34-926F-74C261D4B485}.Debug|x64.ActiveCfg = Debug|Any CPU
		{F8B44B08-F98F-4F34-926F-74C261D4B485}.Debug|x64.Build.0 = Debug|Any CPU
		{F8B44B08-F98F-4F34-926F-74C261D4B485}.Debug|x86.ActiveCfg = Debug|Any CPU
		{F8B44B08-F98F-4F34-926F-74C261D4B485}.Debug|x86.Build.0 = Debug|Any CPU
		{F8B44B08-F98F-4F34-926F-74C261D4B485}.Release|Any CPU.ActiveCfg = Release|Any CPU
		{F8B44B08-F98F-4F34-926F-74C261D4B485}.Release|Any CPU.Build.0 = Release|Any CPU
		{F8B44B08-F98F-4F34-926F-74C261D4B485}.Release|x64.ActiveCfg = Release|Any CPU
		{F8B44B08-F98F-4F34-926F-74C261D4B485}.Release|x64.Build.0 = Release|Any CPU
		{F8B44B08-F98F-4F34-926F-74C261D4B485}.Release|x86.ActiveCfg = Release|Any CPU
		{F8B44B08-F98F-4F34-926F-74C261D4B485}.Release|x86.Build.0 = Release|Any CPU
	EndGlobalSection
	GlobalSection(SolutionProperties) = preSolution
		HideSolutionNode = FALSE
	EndGlobalSection
	GlobalSection(NestedProjects) = preSolution
		{37302439-E941-A6A2-EBA9-A7E4C8435002} = {9792E6E2-564B-9699-7DA2-9F7194AE82F6}
		{D8ADF626-12E0-7B5B-658B-C16B410EC338} = {37302439-E941-A6A2-EBA9-A7E4C8435002}
		{D6D92E0C-E920-4FE5-ABD2-B0A10840A673} = {D8ADF626-12E0-7B5B-658B-C16B410EC338}
		{5CDC8CA5-A17B-42F6-B0BD-CE33A74C7919} = {37302439-E941-A6A2-EBA9-A7E4C8435002}
		{7F2BE83A-AD4F-4751-9875-2B8C36F78BB8} = {D8ADF626-12E0-7B5B-658B-C16B410EC338}
		{8289F614-CA00-463F-9C8F-AFEEF8C0C7E1} = {D8ADF626-12E0-7B5B-658B-C16B410EC338}
		{196D3C67-85D8-4456-8271-DFFF0045D0B6} = {D8ADF626-12E0-7B5B-658B-C16B410EC338}
		{2D734CC1-D28F-4B82-8FD2-4657AB39EA7A} = {D8ADF626-12E0-7B5B-658B-C16B410EC338}
		{C822645A-8FAC-8F46-2B2F-0D4E8BEB5679} = {8020B2AD-6C21-A663-3B19-D392FC1B223F}
		{B110E3AA-8C95-3025-119C-7D181E51E35E} = {C822645A-8FAC-8F46-2B2F-0D4E8BEB5679}
		{3F14A132-6AFD-4452-8888-B2C101A5D414} = {B110E3AA-8C95-3025-119C-7D181E51E35E}
		{F8B44B08-F98F-4F34-926F-74C261D4B485} = {C822645A-8FAC-8F46-2B2F-0D4E8BEB5679}
	EndGlobalSection
	GlobalSection(ExtensibilityGlobals) = postSolution
		SolutionGuid = {069051F5-D3C1-455C-B380-D258674D47B1}
	EndGlobalSection
EndGlobal
